github.com/shawnyeager/tangerine-theme v0.0.0-20251124044530-2d8c4893426c h1:o2sE/2x9/e16qK4KLcW7crZa5NiAXZSLV7J/dHCzg0M=
github.com/shawnyeager/tangerine-theme v0.0.0-20251124044530-2d8c4893426c/go.mod h1:oI7/pq79iSOuNOgNXsUxKLxrb+Ulhm2bAslKpGktFJY=
github.com/shawnyeager/tangerine-theme v0.0.0-20251125154430-e3e5c6d537e8 h1:57OYJNuxMhJlBxFieYnL8W/KNEB/E4GFwmnyTFAFKUk=
github.com/shawnyeager/tangerine-theme v0.0.0-20251125154430-e3e5c6d537e8/go.mod h1:oI7/pq79iSOuNOgNXsUxKLxrb+Ulhm2bAslKpGktFJY=
