github.com/shawnyeager/tangerine-theme v0.0.0-20251119010054-fc504678c853 h1:KCB7hO+ofLl6YHJ92mbqN0uFpXDN0+Dn7nTL3VIUEXc=
github.com/shawnyeager/tangerine-theme v0.0.0-20251119010054-fc504678c853/go.mod h1:oI7/pq79iSOuNOgNXsUxKLxrb+Ulhm2bAslKpGktFJY=
github.com/shawnyeager/tangerine-theme v0.0.0-20251119191157-6ceb48601951 h1:n3ZxBPqGScbhkpFcPniW4oi5xmZCB+MFGtrlOPoTPpM=
github.com/shawnyeager/tangerine-theme v0.0.0-20251119191157-6ceb48601951/go.mod h1:oI7/pq79iSOuNOgNXsUxKLxrb+Ulhm2bAslKpGktFJY=
github.com/shawnyeager/tangerine-theme v0.0.0-20251119200856-4650c29c1596 h1:5YFPzOarTLbTclZSnHSDgfy/wMrTWpYNgfeY72P6AEw=
github.com/shawnyeager/tangerine-theme v0.0.0-20251119200856-4650c29c1596/go.mod h1:oI7/pq79iSOuNOgNXsUxKLxrb+Ulhm2bAslKpGktFJY=
github.com/shawnyeager/tangerine-theme v0.0.0-20251121021238-60743289b000 h1:TaOYWDmtH2Mu/C8yX8eyOhnVHA0Nx8+mDbPCjtVaajo=
github.com/shawnyeager/tangerine-theme v0.0.0-20251121021238-60743289b000/go.mod h1:oI7/pq79iSOuNOgNXsUxKLxrb+Ulhm2bAslKpGktFJY=
github.com/shawnyeager/tangerine-theme v0.0.0-20251121023202-c9b736933d37 h1:k7AdzOw0YvX5t7eB95g/jECR5bWWVAJVg1wcT6GdASo=
github.com/shawnyeager/tangerine-theme v0.0.0-20251121023202-c9b736933d37/go.mod h1:oI7/pq79iSOuNOgNXsUxKLxrb+Ulhm2bAslKpGktFJY=
github.com/shawnyeager/tangerine-theme v0.0.0-20251122012229-864ebddf9b66 h1:7q/SIACTdWFUUkhJ2D83fSQRwWU1kzaWKEBocUw5WBQ=
github.com/shawnyeager/tangerine-theme v0.0.0-20251122012229-864ebddf9b66/go.mod h1:oI7/pq79iSOuNOgNXsUxKLxrb+Ulhm2bAslKpGktFJY=
