github.com/shawnyeager/tangerine-theme v0.0.0-20251119000700-917936ec3717 h1:6iigZ+mfnRXn+FMEnXo9Z5QZi3GlbRWSaxaCWp+CT4k=
github.com/shawnyeager/tangerine-theme v0.0.0-20251119000700-917936ec3717/go.mod h1:oI7/pq79iSOuNOgNXsUxKLxrb+Ulhm2bAslKpGktFJY=
github.com/shawnyeager/tangerine-theme v0.0.0-20251119013019-5c651b81209d h1:1IcuYohvtPXolAcLDsZFRgjrRKAIyHoF7cks6SXpKq4=
github.com/shawnyeager/tangerine-theme v0.0.0-20251119013019-5c651b81209d/go.mod h1:oI7/pq79iSOuNOgNXsUxKLxrb+Ulhm2bAslKpGktFJY=
github.com/shawnyeager/tangerine-theme v0.0.0-20251119013927-1a85045872cc h1:6FilggAQEpvm2n5QoTUTBQju0yer6RsX2LTZCz46e3s=
github.com/shawnyeager/tangerine-theme v0.0.0-20251119013927-1a85045872cc/go.mod h1:oI7/pq79iSOuNOgNXsUxKLxrb+Ulhm2bAslKpGktFJY=
github.com/shawnyeager/tangerine-theme v1.64.0 h1:bmb8+ql1akhcioajRXR6jeEys8KqDxTRswzg/liF8yA=
github.com/shawnyeager/tangerine-theme v1.64.0/go.mod h1:oI7/pq79iSOuNOgNXsUxKLxrb+Ulhm2bAslKpGktFJY=
github.com/shawnyeager/tangerine-theme v1.64.1-0.20251117201102-bbcef75b0db2 h1:0YAwBXPDkyrc4+vlXoi5d617p++9+bg369DuYJnie04=
github.com/shawnyeager/tangerine-theme v1.64.1-0.20251117201102-bbcef75b0db2/go.mod h1:oI7/pq79iSOuNOgNXsUxKLxrb+Ulhm2bAslKpGktFJY=
